
Microsoft Visual Studio Solution File, Format Version 12.00
# Visual Studio Version 16
VisualStudioVersion = 16.0.29613.14
MinimumVisualStudioVersion = 10.0.40219.1
Project("{9A19103F-16F7-4668-BE54-9A1E7A4F7556}") = "APIorm", "APIorm\APIorm.csproj", "{C198889A-C534-480C-AE58-0471FE91CEC6}"
EndProject
Project("{FAE04EC0-301F-11D3-BF4B-00C04F79EFBC}") = "APIormTest", "APIormTest\APIormTest.csproj", "{2C3B157E-5F5F-4635-BDFB-F8E6C53C0EA4}"
EndProject
Global
	GlobalSection(SolutionConfigurationPlatforms) = preSolution
		Debug|Any CPU = Debug|Any CPU
		Release|Any CPU = Release|Any CPU
	EndGlobalSection
	GlobalSection(ProjectConfigurationPlatforms) = postSolution
		{C198889A-C534-480C-AE58-0471FE91CEC6}.Debug|Any CPU.ActiveCfg = Debug|Any CPU
		{C198889A-C534-480C-AE58-0471FE91CEC6}.Debug|Any CPU.Build.0 = Debug|Any CPU
		{C198889A-C534-480C-AE58-0471FE91CEC6}.Release|Any CPU.ActiveCfg = Release|Any CPU
		{C198889A-C534-480C-AE58-0471FE91CEC6}.Release|Any CPU.Build.0 = Release|Any CPU
		{2C3B157E-5F5F-4635-BDFB-F8E6C53C0EA4}.Debug|Any CPU.ActiveCfg = Debug|Any CPU
		{2C3B157E-5F5F-4635-BDFB-F8E6C53C0EA4}.Debug|Any CPU.Build.0 = Debug|Any CPU
		{2C3B157E-5F5F-4635-BDFB-F8E6C53C0EA4}.Release|Any CPU.ActiveCfg = Release|Any CPU
		{2C3B157E-5F5F-4635-BDFB-F8E6C53C0EA4}.Release|Any CPU.Build.0 = Release|Any CPU
	EndGlobalSection
	GlobalSection(SolutionProperties) = preSolution
		HideSolutionNode = FALSE
	EndGlobalSection
	GlobalSection(ExtensibilityGlobals) = postSolution
		SolutionGuid = {5D1BEE0B-3B96-48EF-B99A-70CE49F76568}
	EndGlobalSection
EndGlobal
